// !$*UTF8*$!
{
	archiveVersion = 1;
	classes = {
	};
	objectVersion = 77;
	objects = {

/* Begin PBXBuildFile section */
		CAFE00000000000000000310 /* AdiumEmoticonset.icns in Resources */ = {isa = PBXBuildFile; fileRef = CAFE00000000000000000300 /* AdiumEmoticonset.icns */; };
		CAFE00000000000000000311 /* AdiumIcon.icns in Resources */ = {isa = PBXBuildFile; fileRef = CAFE00000000000000000301 /* AdiumIcon.icns */; };
		CAFE00000000000000000312 /* AdiumListLayout.icns in Resources */ = {isa = PBXBuildFile; fileRef = CAFE00000000000000000302 /* AdiumListLayout.icns */; };
		CAFE00000000000000000313 /* AdiumListTheme.icns in Resources */ = {isa = PBXBuildFile; fileRef = CAFE00000000000000000303 /* AdiumListTheme.icns */; };
		CAFE00000000000000000314 /* AdiumMenuBarIcons.icns in Resources */ = {isa = PBXBuildFile; fileRef = CAFE00000000000000000304 /* AdiumMenuBarIcons.icns */; };
		CAFE00000000000000000315 /* AdiumMessageStyle.icns in Resources */ = {isa = PBXBuildFile; fileRef = CAFE00000000000000000305 /* AdiumMessageStyle.icns */; };
		CAFE00000000000000000316 /* AdiumScripts.icns in Resources */ = {isa = PBXBuildFile; fileRef = CAFE00000000000000000306 /* AdiumScripts.icns */; };
		CAFE0000000000000000031A /* AdiumPlugin.icns in Resources */ = {isa = PBXBuildFile; fileRef = CAFE0000000000000000030A /* AdiumPlugin.icns */; };
		CAFE00000000000000000317 /* AdiumServiceIcons.icns in Resources */ = {isa = PBXBuildFile; fileRef = CAFE00000000000000000307 /* AdiumServiceIcons.icns */; };
		CAFE00000000000000000318 /* AdiumSoundset.icns in Resources */ = {isa = PBXBuildFile; fileRef = CAFE00000000000000000308 /* AdiumSoundset.icns */; };
		CAFE00000000000000000319 /* AdiumStatusIcons.icns in Resources */ = {isa = PBXBuildFile; fileRef = CAFE00000000000000000309 /* AdiumStatusIcons.icns */; };
		CAFE00000000000000000203 /* AISettingsFormView.m in Sources */ = {isa = PBXBuildFile; fileRef = CAFE00000000000000000202 /* AISettingsFormView.m */; };
/* End PBXBuildFile section */

/* Begin PBXFileReference section */
		CAFE00000000000000000300 /* AdiumEmoticonset.icns */ = {isa = PBXFileReference; lastKnownFileType = image.icns; name = "AdiumEmoticonset.icns"; path = "../../Resources/AdiumEmoticonset.icns"; sourceTree = "<group>"; };
		CAFE00000000000000000301 /* AdiumIcon.icns */ = {isa = PBXFileReference; lastKnownFileType = image.icns; name = "AdiumIcon.icns"; path = "../../Resources/AdiumIcon.icns"; sourceTree = "<group>"; };
		CAFE00000000000000000302 /* AdiumListLayout.icns */ = {isa = PBXFileReference; lastKnownFileType = image.icns; name = "AdiumListLayout.icns"; path = "../../Resources/AdiumListLayout.icns"; sourceTree = "<group>"; };
		CAFE00000000000000000303 /* AdiumListTheme.icns */ = {isa = PBXFileReference; lastKnownFileType = image.icns; name = "AdiumListTheme.icns"; path = "../../Resources/AdiumListTheme.icns"; sourceTree = "<group>"; };
		CAFE00000000000000000304 /* AdiumMenuBarIcons.icns */ = {isa = PBXFileReference; lastKnownFileType = image.icns; name = "AdiumMenuBarIcons.icns"; path = "../../Resources/AdiumMenuBarIcons.icns"; sourceTree = "<group>"; };
		CAFE00000000000000000305 /* AdiumMessageStyle.icns */ = {isa = PBXFileReference; lastKnownFileType = image.icns; name = "AdiumMessageStyle.icns"; path = "../../Resources/AdiumMessageStyle.icns"; sourceTree = "<group>"; };
		CAFE00000000000000000306 /* AdiumScripts.icns */ = {isa = PBXFileReference; lastKnownFileType = image.icns; name = "AdiumScripts.icns"; path = "../../Resources/AdiumScripts.icns"; sourceTree = "<group>"; };
		CAFE0000000000000000030A /* AdiumPlugin.icns */ = {isa = PBXFileReference; lastKnownFileType = image.icns; name = "AdiumPlugin.icns"; path = "../../Resources/AdiumPlugin.icns"; sourceTree = "<group>"; };
		CAFE00000000000000000307 /* AdiumServiceIcons.icns */ = {isa = PBXFileReference; lastKnownFileType = image.icns; name = "AdiumServiceIcons.icns"; path = "../../Resources/AdiumServiceIcons.icns"; sourceTree = "<group>"; };
		CAFE00000000000000000308 /* AdiumSoundset.icns */ = {isa = PBXFileReference; lastKnownFileType = image.icns; name = "AdiumSoundset.icns"; path = "../../Resources/AdiumSoundset.icns"; sourceTree = "<group>"; };
		CAFE00000000000000000309 /* AdiumStatusIcons.icns */ = {isa = PBXFileReference; lastKnownFileType = image.icns; name = "AdiumStatusIcons.icns"; path = "../../Resources/AdiumStatusIcons.icns"; sourceTree = "<group>"; };
		CAFE00000000000000000201 /* AISettingsFormView.h */ = {isa = PBXFileReference; fileEncoding = 4; lastKnownFileType = sourcecode.c.h; name = AISettingsFormView.h; path = "../../Frameworks/Adium/Source/AISettingsFormView.h"; sourceTree = "<group>"; };
		CAFE00000000000000000202 /* AISettingsFormView.m */ = {isa = PBXFileReference; fileEncoding = 4; lastKnownFileType = sourcecode.c.objc; name = AISettingsFormView.m; path = "../../Frameworks/Adium/Source/AISettingsFormView.m"; sourceTree = "<group>"; };
		CAFE000000000000000000A0 /* XtrasCreator.app */ = {isa = PBXFileReference; explicitFileType = wrapper.application; includeInIndex = 0; path = XtrasCreator.app; sourceTree = BUILT_PRODUCTS_DIR; };
/* End PBXFileReference section */

/* Begin PBXFileSystemSynchronizedRootGroup section */
		CAFE000000000000000000B0 /* Sources */ = {
			isa = PBXFileSystemSynchronizedRootGroup;
			path = Sources;
			sourceTree = "<group>";
		};
/* End PBXFileSystemSynchronizedRootGroup section */

/* Begin PBXFrameworksBuildPhase section */
		CAFE000000000000000000C2 /* Frameworks */ = {
			isa = PBXFrameworksBuildPhase;
			buildActionMask = 2147483647;
			files = (
			);
			runOnlyForDeploymentPostprocessing = 0;
		};
/* End PBXFrameworksBuildPhase section */

/* Begin PBXGroup section */
		CAFE000000000000000000D0 = {
			isa = PBXGroup;
			children = (
				CAFE000000000000000000B0 /* Sources */,
				CAFE00000000000000000201 /* AISettingsFormView.h */,
				CAFE00000000000000000202 /* AISettingsFormView.m */,
				CAFE00000000000000000300 /* AdiumEmoticonset.icns */,
				CAFE00000000000000000301 /* AdiumIcon.icns */,
				CAFE00000000000000000302 /* AdiumListLayout.icns */,
				CAFE00000000000000000303 /* AdiumListTheme.icns */,
				CAFE00000000000000000304 /* AdiumMenuBarIcons.icns */,
				CAFE00000000000000000305 /* AdiumMessageStyle.icns */,
				CAFE00000000000000000306 /* AdiumScripts.icns */,
				CAFE0000000000000000030A /* AdiumPlugin.icns */,
				CAFE00000000000000000307 /* AdiumServiceIcons.icns */,
				CAFE00000000000000000308 /* AdiumSoundset.icns */,
				CAFE00000000000000000309 /* AdiumStatusIcons.icns */,
				CAFE000000000000000000D1 /* Products */,
			);
			sourceTree = "<group>";
		};
		CAFE000000000000000000D1 /* Products */ = {
			isa = PBXGroup;
			children = (
				CAFE000000000000000000A0 /* XtrasCreator.app */,
			);
			name = Products;
			sourceTree = "<group>";
		};
/* End PBXGroup section */

/* Begin PBXNativeTarget section */
		CAFE000000000000000000E0 /* XtrasCreator */ = {
			isa = PBXNativeTarget;
			buildConfigurationList = CAFE000000000000000000F1 /* Build configuration list for PBXNativeTarget "XtrasCreator" */;
			buildPhases = (
				CAFE000000000000000000C1 /* Sources */,
				CAFE000000000000000000C2 /* Frameworks */,
				CAFE000000000000000000C3 /* Resources */,
			);
			buildRules = (
			);
			dependencies = (
			);
			fileSystemSynchronizedGroups = (
				CAFE000000000000000000B0 /* Sources */,
			);
			name = XtrasCreator;
			packageProductDependencies = (
			);
			productName = XtrasCreator;
			productReference = CAFE000000000000000000A0 /* XtrasCreator.app */;
			productType = "com.apple.product-type.application";
		};
/* End PBXNativeTarget section */

/* Begin PBXProject section */
		CAFE0000000000000000000A /* Project object */ = {
			isa = PBXProject;
			attributes = {
				BuildIndependentTargetsInParallel = 1;
			};
			buildConfigurationList = CAFE000000000000000000F0 /* Build configuration list for PBXProject "XtrasCreator" */;
			developmentRegion = en;
			hasScannedForEncodings = 0;
			knownRegions = (
				en,
				Base,
			);
			mainGroup = CAFE000000000000000000D0;
			minimizedProjectReferenceProxies = 1;
			preferredProjectObjectVersion = 77;
			productRefGroup = CAFE000000000000000000D1 /* Products */;
			projectDirPath = "";
			projectRoot = "";
			targets = (
				CAFE000000000000000000E0 /* XtrasCreator */,
			);
		};
/* End PBXProject section */

/* Begin PBXResourcesBuildPhase section */
		CAFE000000000000000000C3 /* Resources */ = {
			isa = PBXResourcesBuildPhase;
			buildActionMask = 2147483647;
			files = (
				CAFE00000000000000000310 /* AdiumEmoticonset.icns in Resources */,
				CAFE00000000000000000311 /* AdiumIcon.icns in Resources */,
				CAFE00000000000000000312 /* AdiumListLayout.icns in Resources */,
				CAFE00000000000000000313 /* AdiumListTheme.icns in Resources */,
				CAFE00000000000000000314 /* AdiumMenuBarIcons.icns in Resources */,
				CAFE00000000000000000315 /* AdiumMessageStyle.icns in Resources */,
				CAFE00000000000000000316 /* AdiumScripts.icns in Resources */,
				CAFE0000000000000000031A /* AdiumPlugin.icns in Resources */,
				CAFE00000000000000000317 /* AdiumServiceIcons.icns in Resources */,
				CAFE00000000000000000318 /* AdiumSoundset.icns in Resources */,
				CAFE00000000000000000319 /* AdiumStatusIcons.icns in Resources */,
			);
			runOnlyForDeploymentPostprocessing = 0;
		};
/* End PBXResourcesBuildPhase section */

/* Begin PBXSourcesBuildPhase section */
		CAFE000000000000000000C1 /* Sources */ = {
			isa = PBXSourcesBuildPhase;
			buildActionMask = 2147483647;
			files = (
				CAFE00000000000000000203 /* AISettingsFormView.m in Sources */,
			);
			runOnlyForDeploymentPostprocessing = 0;
		};
/* End PBXSourcesBuildPhase section */

/* Begin XCBuildConfiguration section */
		CAFE00000000000000000101 /* Debug */ = {
			isa = XCBuildConfiguration;
			buildSettings = {
				ALWAYS_SEARCH_USER_PATHS = NO;
				ARCHS = arm64;
				CLANG_ENABLE_MODULES = YES;
				CLANG_ENABLE_OBJC_ARC = YES;
				CLANG_WARN_BOOL_CONVERSION = YES;
				CLANG_WARN_CONSTANT_CONVERSION = YES;
				CLANG_WARN_DEPRECATED_OBJC_IMPLEMENTATIONS = YES;
				CLANG_WARN_EMPTY_BODY = YES;
				CLANG_WARN_ENUM_CONVERSION = YES;
				CLANG_WARN_INFINITE_RECURSION = YES;
				CLANG_WARN_INT_CONVERSION = YES;
				CLANG_WARN_OBJC_LITERAL_CONVERSION = YES;
				CLANG_WARN_OBJC_ROOT_CLASS = YES_ERROR;
				CLANG_WARN_SUSPICIOUS_MOVE = YES;
				CLANG_WARN_UNREACHABLE_CODE = YES;
				CLANG_WARN__DUPLICATE_METHOD_MATCH = YES;
				COPY_PHASE_STRIP = NO;
				DEBUG_INFORMATION_FORMAT = dwarf;
				ENABLE_STRICT_OBJC_MSGSEND = YES;
				GCC_C_LANGUAGE_STANDARD = gnu11;
				GCC_DYNAMIC_NO_PIC = NO;
				GCC_NO_COMMON_BLOCKS = YES;
				GCC_OPTIMIZATION_LEVEL = 0;
				GCC_PREPROCESSOR_DEFINITIONS = (
					"DEBUG=1",
					"$(inherited)",
				);
				GCC_WARN_64_TO_32_BIT_CONVERSION = YES;
				GCC_WARN_ABOUT_RETURN_TYPE = YES_ERROR;
				GCC_WARN_UNDECLARED_SELECTOR = YES;
				GCC_WARN_UNINITIALIZED_AUTOS = YES_AGGRESSIVE;
				GCC_WARN_UNUSED_FUNCTION = YES;
				GCC_WARN_UNUSED_VARIABLE = YES;
				MACOSX_DEPLOYMENT_TARGET = 11.0;
				ONLY_ACTIVE_ARCH = YES;
				SDKROOT = macosx;
			};
			name = Debug;
		};
		CAFE00000000000000000102 /* Release */ = {
			isa = XCBuildConfiguration;
			buildSettings = {
				ALWAYS_SEARCH_USER_PATHS = NO;
				ARCHS = arm64;
				CLANG_ENABLE_MODULES = YES;
				CLANG_ENABLE_OBJC_ARC = YES;
				CLANG_WARN_BOOL_CONVERSION = YES;
				CLANG_WARN_CONSTANT_CONVERSION = YES;
				CLANG_WARN_DEPRECATED_OBJC_IMPLEMENTATIONS = YES;
				CLANG_WARN_EMPTY_BODY = YES;
				CLANG_WARN_ENUM_CONVERSION = YES;
				CLANG_WARN_INFINITE_RECURSION = YES;
				CLANG_WARN_INT_CONVERSION = YES;
				CLANG_WARN_OBJC_LITERAL_CONVERSION = YES;
				CLANG_WARN_OBJC_ROOT_CLASS = YES_ERROR;
				CLANG_WARN_SUSPICIOUS_MOVE = YES;
				CLANG_WARN_UNREACHABLE_CODE = YES;
				CLANG_WARN__DUPLICATE_METHOD_MATCH = YES;
				COPY_PHASE_STRIP = NO;
				DEBUG_INFORMATION_FORMAT = "dwarf-with-dsym";
				ENABLE_NS_ASSERTIONS = NO;
				ENABLE_STRICT_OBJC_MSGSEND = YES;
				GCC_C_LANGUAGE_STANDARD = gnu11;
				GCC_NO_COMMON_BLOCKS = YES;
				GCC_WARN_64_TO_32_BIT_CONVERSION = YES;
				GCC_WARN_ABOUT_RETURN_TYPE = YES_ERROR;
				GCC_WARN_UNDECLARED_SELECTOR = YES;
				GCC_WARN_UNINITIALIZED_AUTOS = YES_AGGRESSIVE;
				GCC_WARN_UNUSED_FUNCTION = YES;
				GCC_WARN_UNUSED_VARIABLE = YES;
				MACOSX_DEPLOYMENT_TARGET = 11.0;
				SDKROOT = macosx;
			};
			name = Release;
		};
		CAFE00000000000000000103 /* Debug */ = {
			isa = XCBuildConfiguration;
			buildSettings = {
				CODE_SIGN_IDENTITY = "-";
				COMBINE_HIDPI_IMAGES = YES;
				GENERATE_INFOPLIST_FILE = NO;
				USER_HEADER_SEARCH_PATHS = "$(SRCROOT)/../../Frameworks/Adium/Source";
				INFOPLIST_FILE = Info.plist;
				LD_RUNPATH_SEARCH_PATHS = "@executable_path/../Frameworks";
				PRODUCT_BUNDLE_IDENTIFIER = com.adiumx.XtrasCreator;
				PRODUCT_NAME = XtrasCreator;
			};
			name = Debug;
		};
		CAFE00000000000000000104 /* Release */ = {
			isa = XCBuildConfiguration;
			buildSettings = {
				CODE_SIGN_IDENTITY = "-";
				COMBINE_HIDPI_IMAGES = YES;
				GENERATE_INFOPLIST_FILE = NO;
				USER_HEADER_SEARCH_PATHS = "$(SRCROOT)/../../Frameworks/Adium/Source";
				INFOPLIST_FILE = Info.plist;
				LD_RUNPATH_SEARCH_PATHS = "@executable_path/../Frameworks";
				PRODUCT_BUNDLE_IDENTIFIER = com.adiumx.XtrasCreator;
				PRODUCT_NAME = XtrasCreator;
			};
			name = Release;
		};
/* End XCBuildConfiguration section */

/* Begin XCConfigurationList section */
		CAFE000000000000000000F0 /* Build configuration list for PBXProject "XtrasCreator" */ = {
			isa = XCConfigurationList;
			buildConfigurations = (
				CAFE00000000000000000101 /* Debug */,
				CAFE00000000000000000102 /* Release */,
			);
			defaultConfigurationIsVisible = 0;
			defaultConfigurationName = Release;
		};
		CAFE000000000000000000F1 /* Build configuration list for PBXNativeTarget "XtrasCreator" */ = {
			isa = XCConfigurationList;
			buildConfigurations = (
				CAFE00000000000000000103 /* Debug */,
				CAFE00000000000000000104 /* Release */,
			);
			defaultConfigurationIsVisible = 0;
			defaultConfigurationName = Release;
		};
/* End XCConfigurationList section */
	};
	rootObject = CAFE0000000000000000000A /* Project object */;
}
